
Microsoft Visual Studio Solution File, Format Version 12.00
# Visual Studio 2013
VisualStudioVersion = 12.0.21005.1
MinimumVisualStudioVersion = 10.0.40219.1
Project("{FAE04EC0-301F-11D3-BF4B-00C04F79EFBC}") = "website experience day", "website experience day\website experience day.csproj", "{33EB3E35-1F73-4F5E-9B0C-131B8E28DBD7}"
EndProject
Project("{FAE04EC0-301F-11D3-BF4B-00C04F79EFBC}") = "BLL", "BLL\BLL.csproj", "{9EB71D3D-669B-4790-93AE-B61ABFBFC3E2}"
EndProject
Project("{FAE04EC0-301F-11D3-BF4B-00C04F79EFBC}") = "WebApiService", "WebApiService\WebApiService.csproj", "{CCDD8C30-94DC-4740-AD16-30E2A8F56ACA}"
EndProject
Global
	GlobalSection(SolutionConfigurationPlatforms) = preSolution
		Debug|Any CPU = Debug|Any CPU
		Release|Any CPU = Release|Any CPU
	EndGlobalSection
	GlobalSection(ProjectConfigurationPlatforms) = postSolution
		{33EB3E35-1F73-4F5E-9B0C-131B8E28DBD7}.Debug|Any CPU.ActiveCfg = Debug|Any CPU
		{33EB3E35-1F73-4F5E-9B0C-131B8E28DBD7}.Debug|Any CPU.Build.0 = Debug|Any CPU
		{33EB3E35-1F73-4F5E-9B0C-131B8E28DBD7}.Release|Any CPU.ActiveCfg = Release|Any CPU
		{33EB3E35-1F73-4F5E-9B0C-131B8E28DBD7}.Release|Any CPU.Build.0 = Release|Any CPU
		{9EB71D3D-669B-4790-93AE-B61ABFBFC3E2}.Debug|Any CPU.ActiveCfg = Debug|Any CPU
		{9EB71D3D-669B-4790-93AE-B61ABFBFC3E2}.Debug|Any CPU.Build.0 = Debug|Any CPU
		{9EB71D3D-669B-4790-93AE-B61ABFBFC3E2}.Release|Any CPU.ActiveCfg = Release|Any CPU
		{9EB71D3D-669B-4790-93AE-B61ABFBFC3E2}.Release|Any CPU.Build.0 = Release|Any CPU
		{CCDD8C30-94DC-4740-AD16-30E2A8F56ACA}.Debug|Any CPU.ActiveCfg = Debug|Any CPU
		{CCDD8C30-94DC-4740-AD16-30E2A8F56ACA}.Debug|Any CPU.Build.0 = Debug|Any CPU
		{CCDD8C30-94DC-4740-AD16-30E2A8F56ACA}.Release|Any CPU.ActiveCfg = Release|Any CPU
		{CCDD8C30-94DC-4740-AD16-30E2A8F56ACA}.Release|Any CPU.Build.0 = Release|Any CPU
	EndGlobalSection
	GlobalSection(SolutionProperties) = preSolution
		HideSolutionNode = FALSE
	EndGlobalSection
EndGlobal
